// !$*UTF8*$!
{
	archiveVersion = 1;
	classes = {
	};
	objectVersion = 48;
	objects = {

/* Begin PBXBuildFile section */
		61065A5E1ED384D8008DB039 /* IOHID.swift in Sources */ = {isa = PBXBuildFile; fileRef = 61065A5D1ED384D8008DB039 /* IOHID.swift */; };
		61095B0E1EE537BA00C924AC /* WindowsController.swift in Sources */ = {isa = PBXBuildFile; fileRef = 61095B0D1EE537BA00C924AC /* WindowsController.swift */; };
		611AEA801EE1E8C600315DA9 /* IOSModelDict.swift in Sources */ = {isa = PBXBuildFile; fileRef = 611AEA7F1EE1E8C600315DA9 /* IOSModelDict.swift */; };
		61245F701EDAC2A5006940C9 /* iOSDetailViewController.swift in Sources */ = {isa = PBXBuildFile; fileRef = 61245F6F1EDAC2A5006940C9 /* iOSDetailViewController.swift */; };
		6129C5C61EDC8D0E006A447F /* LogViewController.swift in Sources */ = {isa = PBXBuildFile; fileRef = 6129C5C51EDC8D0E006A447F /* LogViewController.swift */; };
		6129C5C81EDC8E6D006A447F /* LogView.swift in Sources */ = {isa = PBXBuildFile; fileRef = 6129C5C71EDC8E6D006A447F /* LogView.swift */; };
		6129C5CA1EDDEDBB006A447F /* StatusBaseChartView.swift in Sources */ = {isa = PBXBuildFile; fileRef = 6129C5C91EDDEDBB006A447F /* StatusBaseChartView.swift */; };
		614C00781EC23FA8001543D9 /* AppDelegate.swift in Sources */ = {isa = PBXBuildFile; fileRef = 614C00771EC23FA8001543D9 /* AppDelegate.swift */; };
		614C007C1EC23FA8001543D9 /* Assets.xcassets in Resources */ = {isa = PBXBuildFile; fileRef = 614C007B1EC23FA8001543D9 /* Assets.xcassets */; };
		614C008A1EC23FA8001543D9 /* BatteryStatusShowTests.swift in Sources */ = {isa = PBXBuildFile; fileRef = 614C00891EC23FA8001543D9 /* BatteryStatusShowTests.swift */; };
		614C00951EC23FA8001543D9 /* BatteryStatusShowUITests.swift in Sources */ = {isa = PBXBuildFile; fileRef = 614C00941EC23FA8001543D9 /* BatteryStatusShowUITests.swift */; };
		614C00A31EC30661001543D9 /* IOBattery.swift in Sources */ = {isa = PBXBuildFile; fileRef = 614C00A21EC30661001543D9 /* IOBattery.swift */; };
		615118021EDEEDDA00D11475 /* IOSHistoryViewController.swift in Sources */ = {isa = PBXBuildFile; fileRef = 615118011EDEEDDA00D11475 /* IOSHistoryViewController.swift */; };
		61821D8E1EC49359005750A0 /* DetailViewController.swift in Sources */ = {isa = PBXBuildFile; fileRef = 61821D8D1EC49359005750A0 /* DetailViewController.swift */; };
		6193279024709106000EA703 /* SmcHelper.m in Sources */ = {isa = PBXBuildFile; fileRef = 61932782247083FD000EA703 /* SmcHelper.m */; };
		6193279124709106000EA703 /* smc.c in Sources */ = {isa = PBXBuildFile; fileRef = 6193276524707C3E000EA703 /* smc.c */; };
		6193279324709114000EA703 /* Foundation.framework in Frameworks */ = {isa = PBXBuildFile; fileRef = 6193277A24708393000EA703 /* Foundation.framework */; };
		619327942470911A000EA703 /* IOKit.framework in Frameworks */ = {isa = PBXBuildFile; fileRef = 6193276824707EAD000EA703 /* IOKit.framework */; };
		61932796247091E0000EA703 /* main.m in Sources */ = {isa = PBXBuildFile; fileRef = 61932795247091AD000EA703 /* main.m */; };
		619F38FC1ECB078D0074666B /* ChartViewController.swift in Sources */ = {isa = PBXBuildFile; fileRef = 619F38FB1ECB078D0074666B /* ChartViewController.swift */; };
		619F38FE1ECB08370074666B /* BaseChartView.swift in Sources */ = {isa = PBXBuildFile; fileRef = 619F38FD1ECB08370074666B /* BaseChartView.swift */; };
		619F39001ECB53D10074666B /* BatteryViewController.swift in Sources */ = {isa = PBXBuildFile; fileRef = 619F38FF1ECB53D10074666B /* BatteryViewController.swift */; };
		619F39021ECB595C0074666B /* HistoryViewController.swift in Sources */ = {isa = PBXBuildFile; fileRef = 619F39011ECB595C0074666B /* HistoryViewController.swift */; };
		619F39041ECB794A0074666B /* PowerViewController.swift in Sources */ = {isa = PBXBuildFile; fileRef = 619F39031ECB794A0074666B /* PowerViewController.swift */; };
		619F39071ECB80410074666B /* data.xcdatamodeld in Sources */ = {isa = PBXBuildFile; fileRef = 619F39051ECB80410074666B /* data.xcdatamodeld */; };
		619F39091ECB83310074666B /* DataController.swift in Sources */ = {isa = PBXBuildFile; fileRef = 619F39081ECB83310074666B /* DataController.swift */; };
		619F390B1ECB8EBC0074666B /* HistoryMO.swift in Sources */ = {isa = PBXBuildFile; fileRef = 619F390A1ECB8EBC0074666B /* HistoryMO.swift */; };
		61A99611256A2AAE009E81B3 /* Main.storyboard in Resources */ = {isa = PBXBuildFile; fileRef = 614C007D1EC23FA8001543D9 /* Main.storyboard */; };
		61A9962C256A99B6009E81B3 /* smcutil in Resources */ = {isa = PBXBuildFile; fileRef = 61CDE12E24731C9200B56900 /* smcutil */; };
		61AE7F7E1EE2A4140003BC96 /* BatteryStatusItem.swift in Sources */ = {isa = PBXBuildFile; fileRef = 61AE7F7D1EE2A4140003BC96 /* BatteryStatusItem.swift */; };
		61AF6F461EDAF7D4005F8DA9 /* TabViewController.swift in Sources */ = {isa = PBXBuildFile; fileRef = 61AF6F451EDAF7D4005F8DA9 /* TabViewController.swift */; };
		61AF6F4A1EDB1018005F8DA9 /* PeripheralViewControl.swift in Sources */ = {isa = PBXBuildFile; fileRef = 61AF6F491EDB1018005F8DA9 /* PeripheralViewControl.swift */; };
		61CDE1072473088E00B56900 /* libcrypto.1.0.0.dylib in Frameworks */ = {isa = PBXBuildFile; fileRef = 61CDDFD62472FDF700B56900 /* libcrypto.1.0.0.dylib */; };
		61CDE1082473088E00B56900 /* libcrypto.1.0.0.dylib in Embed Libraries */ = {isa = PBXBuildFile; fileRef = 61CDDFD62472FDF700B56900 /* libcrypto.1.0.0.dylib */; settings = {ATTRIBUTES = (CodeSignOnCopy, ); }; };
		61CDE1092473088E00B56900 /* libimobiledevice.6.dylib in Frameworks */ = {isa = PBXBuildFile; fileRef = 61CDDFD42472FDF700B56900 /* libimobiledevice.6.dylib */; };
		61CDE10A2473088E00B56900 /* libimobiledevice.6.dylib in Embed Libraries */ = {isa = PBXBuildFile; fileRef = 61CDDFD42472FDF700B56900 /* libimobiledevice.6.dylib */; settings = {ATTRIBUTES = (CodeSignOnCopy, ); }; };
		61CDE10F2473088E00B56900 /* libplist++.3.dylib in Frameworks */ = {isa = PBXBuildFile; fileRef = 61CDDFDC2472FDF700B56900 /* libplist++.3.dylib */; };
		61CDE1102473088E00B56900 /* libplist++.3.dylib in Embed Libraries */ = {isa = PBXBuildFile; fileRef = 61CDDFDC2472FDF700B56900 /* libplist++.3.dylib */; settings = {ATTRIBUTES = (CodeSignOnCopy, ); }; };
		61CDE1112473088E00B56900 /* libssl.1.0.0.dylib in Frameworks */ = {isa = PBXBuildFile; fileRef = 61CDDFD52472FDF700B56900 /* libssl.1.0.0.dylib */; };
		61CDE1122473088E00B56900 /* libssl.1.0.0.dylib in Embed Libraries */ = {isa = PBXBuildFile; fileRef = 61CDDFD52472FDF700B56900 /* libssl.1.0.0.dylib */; settings = {ATTRIBUTES = (CodeSignOnCopy, ); }; };
		61CDE1172473088F00B56900 /* libxml2.2.dylib in Frameworks */ = {isa = PBXBuildFile; fileRef = 61CDDFDB2472FDF700B56900 /* libxml2.2.dylib */; };
		61CDE1182473088F00B56900 /* libxml2.2.dylib in Embed Libraries */ = {isa = PBXBuildFile; fileRef = 61CDDFDB2472FDF700B56900 /* libxml2.2.dylib */; settings = {ATTRIBUTES = (CodeSignOnCopy, ); }; };
		61CDE12724730C5200B56900 /* libusb-1.0.0.dylib in Frameworks */ = {isa = PBXBuildFile; fileRef = 61CDDFD92472FDF700B56900 /* libusb-1.0.0.dylib */; };
		61CDE12824730C5200B56900 /* libusb-1.0.0.dylib in Embed Libraries */ = {isa = PBXBuildFile; fileRef = 61CDDFD92472FDF700B56900 /* libusb-1.0.0.dylib */; settings = {ATTRIBUTES = (CodeSignOnCopy, ); }; };
		61CDE12924730C5200B56900 /* libplist.3.dylib in Frameworks */ = {isa = PBXBuildFile; fileRef = 61CDDFD82472FDF700B56900 /* libplist.3.dylib */; };
		61CDE12A24730C5200B56900 /* libplist.3.dylib in Embed Libraries */ = {isa = PBXBuildFile; fileRef = 61CDDFD82472FDF700B56900 /* libplist.3.dylib */; settings = {ATTRIBUTES = (CodeSignOnCopy, ); }; };
		61CDE12B247313C200B56900 /* libusbmuxd.4.dylib in Embed Libraries */ = {isa = PBXBuildFile; fileRef = 61CDDFB72472FDE400B56900 /* libusbmuxd.4.dylib */; settings = {ATTRIBUTES = (CodeSignOnCopy, ); }; };
		61D358171ED0C4B800769C03 /* TwoAxisBaseChartView.swift in Sources */ = {isa = PBXBuildFile; fileRef = 61D358161ED0C4B800769C03 /* TwoAxisBaseChartView.swift */; };
		61D3581A1ED21F9000769C03 /* mapping .xcmappingmodel in Sources */ = {isa = PBXBuildFile; fileRef = 61D358191ED21F9000769C03 /* mapping .xcmappingmodel */; };
		61D3581C1ED237C900769C03 /* CycleEntityMigrationPolicy.swift in Sources */ = {isa = PBXBuildFile; fileRef = 61D3581B1ED237C900769C03 /* CycleEntityMigrationPolicy.swift */; };
		61D3581E1ED23EA200769C03 /* mappingtoold.xcmappingmodel in Sources */ = {isa = PBXBuildFile; fileRef = 61D3581D1ED23EA200769C03 /* mappingtoold.xcmappingmodel */; };
/* End PBXBuildFile section */

/* Begin PBXContainerItemProxy section */
		614C00861EC23FA8001543D9 /* PBXContainerItemProxy */ = {
			isa = PBXContainerItemProxy;
			containerPortal = 614C006C1EC23FA8001543D9 /* Project object */;
			proxyType = 1;
			remoteGlobalIDString = 614C00731EC23FA8001543D9;
			remoteInfo = BatteryStatusShow;
		};
		614C00911EC23FA8001543D9 /* PBXContainerItemProxy */ = {
			isa = PBXContainerItemProxy;
			containerPortal = 614C006C1EC23FA8001543D9 /* Project object */;
			proxyType = 1;
			remoteGlobalIDString = 614C00731EC23FA8001543D9;
			remoteInfo = BatteryStatusShow;
		};
/* End PBXContainerItemProxy section */

/* Begin PBXCopyFilesBuildPhase section */
		61932786247090D0000EA703 /* CopyFiles */ = {
			isa = PBXCopyFilesBuildPhase;
			buildActionMask = 2147483647;
			dstPath = /usr/share/man/man1/;
			dstSubfolderSpec = 0;
			files = (
			);
			runOnlyForDeploymentPostprocessing = 1;
		};
		61CDE1192473088F00B56900 /* Embed Libraries */ = {
			isa = PBXCopyFilesBuildPhase;
			buildActionMask = 2147483647;
			dstPath = "";
			dstSubfolderSpec = 10;
			files = (
				61CDE12B247313C200B56900 /* libusbmuxd.4.dylib in Embed Libraries */,
				61CDE10A2473088E00B56900 /* libimobiledevice.6.dylib in Embed Libraries */,
				61CDE1122473088E00B56900 /* libssl.1.0.0.dylib in Embed Libraries */,
				61CDE1082473088E00B56900 /* libcrypto.1.0.0.dylib in Embed Libraries */,
				61CDE12A24730C5200B56900 /* libplist.3.dylib in Embed Libraries */,
				61CDE12824730C5200B56900 /* libusb-1.0.0.dylib in Embed Libraries */,
				61CDE1102473088E00B56900 /* libplist++.3.dylib in Embed Libraries */,
				61CDE1182473088F00B56900 /* libxml2.2.dylib in Embed Libraries */,
			);
			name = "Embed Libraries";
			runOnlyForDeploymentPostprocessing = 0;
		};
/* End PBXCopyFilesBuildPhase section */

/* Begin PBXFileReference section */
		61065A5B1ED338A6008DB039 /* battery.csv */ = {isa = PBXFileReference; fileEncoding = 4; lastKnownFileType = text; path = battery.csv; sourceTree = "<group>"; };
		61065A5D1ED384D8008DB039 /* IOHID.swift */ = {isa = PBXFileReference; fileEncoding = 4; lastKnownFileType = sourcecode.swift; path = IOHID.swift; sourceTree = "<group>"; };
		61095B0D1EE537BA00C924AC /* WindowsController.swift */ = {isa = PBXFileReference; fileEncoding = 4; lastKnownFileType = sourcecode.swift; path = WindowsController.swift; sourceTree = "<group>"; };
		6111F0E71ED894AD004DD608 /* include */ = {isa = PBXFileReference; lastKnownFileType = folder; path = include; sourceTree = "<group>"; };
		6111F0EB1ED8984F004DD608 /* Bridging-Header.h */ = {isa = PBXFileReference; lastKnownFileType = sourcecode.c.h; path = "Bridging-Header.h"; sourceTree = "<group>"; };
		6114538F1ED941460049A78A /* libplist++.3.dylib */ = {isa = PBXFileReference; lastKnownFileType = "compiled.mach-o.dylib"; path = "libplist++.3.dylib"; sourceTree = "<group>"; };
		611453931ED941640049A78A /* libimobiledevice.6.dylib */ = {isa = PBXFileReference; lastKnownFileType = "compiled.mach-o.dylib"; path = libimobiledevice.6.dylib; sourceTree = "<group>"; };
		611AEA7F1EE1E8C600315DA9 /* IOSModelDict.swift */ = {isa = PBXFileReference; fileEncoding = 4; lastKnownFileType = sourcecode.swift; path = IOSModelDict.swift; sourceTree = "<group>"; };
		61245F6F1EDAC2A5006940C9 /* iOSDetailViewController.swift */ = {isa = PBXFileReference; fileEncoding = 4; lastKnownFileType = sourcecode.swift; path = iOSDetailViewController.swift; sourceTree = "<group>"; };
		6129C5C51EDC8D0E006A447F /* LogViewController.swift */ = {isa = PBXFileReference; fileEncoding = 4; lastKnownFileType = sourcecode.swift; path = LogViewController.swift; sourceTree = "<group>"; };
		6129C5C71EDC8E6D006A447F /* LogView.swift */ = {isa = PBXFileReference; fileEncoding = 4; lastKnownFileType = sourcecode.swift; path = LogView.swift; sourceTree = "<group>"; };
		6129C5C91EDDEDBB006A447F /* StatusBaseChartView.swift */ = {isa = PBXFileReference; fileEncoding = 4; lastKnownFileType = sourcecode.swift; path = StatusBaseChartView.swift; sourceTree = "<group>"; };
		6143BBB61ED9453C00F12627 /* libplist.3.dylib */ = {isa = PBXFileReference; lastKnownFileType = "compiled.mach-o.dylib"; path = libplist.3.dylib; sourceTree = "<group>"; };
		6143BBB81ED9453C00F12627 /* libplist.dylib */ = {isa = PBXFileReference; lastKnownFileType = "compiled.mach-o.dylib"; path = libplist.dylib; sourceTree = "<group>"; };
		6143BBC71ED9AE9800F12627 /* Security.framework */ = {isa = PBXFileReference; lastKnownFileType = wrapper.framework; name = Security.framework; path = System/Library/Frameworks/Security.framework; sourceTree = SDKROOT; };
		6143BBC91ED9B05200F12627 /* libusb-1.0.0.dylib */ = {isa = PBXFileReference; lastKnownFileType = "compiled.mach-o.dylib"; path = "libusb-1.0.0.dylib"; sourceTree = "<group>"; };
		6143BBCB1ED9B05200F12627 /* libusb-1.0.dylib */ = {isa = PBXFileReference; lastKnownFileType = "compiled.mach-o.dylib"; path = "libusb-1.0.dylib"; sourceTree = "<group>"; };
		6143BBCF1ED9B0B000F12627 /* lib4758cca.dylib */ = {isa = PBXFileReference; lastKnownFileType = "compiled.mach-o.bundle"; path = lib4758cca.dylib; sourceTree = "<group>"; };
		6143BBD01ED9B0B000F12627 /* libaep.dylib */ = {isa = PBXFileReference; lastKnownFileType = "compiled.mach-o.bundle"; path = libaep.dylib; sourceTree = "<group>"; };
		6143BBD11ED9B0B000F12627 /* libatalla.dylib */ = {isa = PBXFileReference; lastKnownFileType = "compiled.mach-o.bundle"; path = libatalla.dylib; sourceTree = "<group>"; };
		6143BBD21ED9B0B000F12627 /* libcapi.dylib */ = {isa = PBXFileReference; lastKnownFileType = "compiled.mach-o.bundle"; path = libcapi.dylib; sourceTree = "<group>"; };
		6143BBD31ED9B0B000F12627 /* libchil.dylib */ = {isa = PBXFileReference; lastKnownFileType = "compiled.mach-o.bundle"; path = libchil.dylib; sourceTree = "<group>"; };
		6143BBD41ED9B0B000F12627 /* libcswift.dylib */ = {isa = PBXFileReference; lastKnownFileType = "compiled.mach-o.bundle"; path = libcswift.dylib; sourceTree = "<group>"; };
		6143BBD51ED9B0B000F12627 /* libgmp.dylib */ = {isa = PBXFileReference; lastKnownFileType = "compiled.mach-o.bundle"; path = libgmp.dylib; sourceTree = "<group>"; };
		6143BBD61ED9B0B000F12627 /* libgost.dylib */ = {isa = PBXFileReference; lastKnownFileType = "compiled.mach-o.bundle"; path = libgost.dylib; sourceTree = "<group>"; };
		6143BBD71ED9B0B000F12627 /* libnuron.dylib */ = {isa = PBXFileReference; lastKnownFileType = "compiled.mach-o.bundle"; path = libnuron.dylib; sourceTree = "<group>"; };
		6143BBD81ED9B0B000F12627 /* libpadlock.dylib */ = {isa = PBXFileReference; lastKnownFileType = "compiled.mach-o.bundle"; path = libpadlock.dylib; sourceTree = "<group>"; };
		6143BBD91ED9B0B000F12627 /* libsureware.dylib */ = {isa = PBXFileReference; lastKnownFileType = "compiled.mach-o.bundle"; path = libsureware.dylib; sourceTree = "<group>"; };
		6143BBDA1ED9B0B000F12627 /* libubsec.dylib */ = {isa = PBXFileReference; lastKnownFileType = "compiled.mach-o.bundle"; path = libubsec.dylib; sourceTree = "<group>"; };
		6143BBE71ED9B0BE00F12627 /* libcrypto.1.0.0.dylib */ = {isa = PBXFileReference; lastKnownFileType = "compiled.mach-o.dylib"; path = libcrypto.1.0.0.dylib; sourceTree = "<group>"; };
		6143BBE91ED9B0BE00F12627 /* libcrypto.dylib */ = {isa = PBXFileReference; lastKnownFileType = "compiled.mach-o.dylib"; path = libcrypto.dylib; sourceTree = "<group>"; };
		6143BBEA1ED9B0BE00F12627 /* libssl.1.0.0.dylib */ = {isa = PBXFileReference; lastKnownFileType = "compiled.mach-o.dylib"; path = libssl.1.0.0.dylib; sourceTree = "<group>"; };
		6143BBEC1ED9B0BE00F12627 /* libssl.dylib */ = {isa = PBXFileReference; lastKnownFileType = "compiled.mach-o.dylib"; path = libssl.dylib; sourceTree = "<group>"; };
		6143BBF31ED9B0EF00F12627 /* libusbmuxd.4.dylib */ = {isa = PBXFileReference; lastKnownFileType = "compiled.mach-o.dylib"; path = libusbmuxd.4.dylib; sourceTree = "<group>"; };
		6143BBF51ED9B0EF00F12627 /* libusbmuxd.dylib */ = {isa = PBXFileReference; lastKnownFileType = "compiled.mach-o.dylib"; path = libusbmuxd.dylib; sourceTree = "<group>"; };
		614C00741EC23FA8001543D9 /* BatteryStatusShow.app */ = {isa = PBXFileReference; explicitFileType = wrapper.application; includeInIndex = 0; path = BatteryStatusShow.app; sourceTree = BUILT_PRODUCTS_DIR; };
		614C00771EC23FA8001543D9 /* AppDelegate.swift */ = {isa = PBXFileReference; lastKnownFileType = sourcecode.swift; path = AppDelegate.swift; sourceTree = "<group>"; };
		614C007B1EC23FA8001543D9 /* Assets.xcassets */ = {isa = PBXFileReference; lastKnownFileType = folder.assetcatalog; path = Assets.xcassets; sourceTree = "<group>"; };
		614C007E1EC23FA8001543D9 /* Base */ = {isa = PBXFileReference; lastKnownFileType = file.storyboard; name = Base; path = Base.lproj/Main.storyboard; sourceTree = "<group>"; };
		614C00801EC23FA8001543D9 /* Info.plist */ = {isa = PBXFileReference; lastKnownFileType = text.plist.xml; path = Info.plist; sourceTree = "<group>"; };
		614C00851EC23FA8001543D9 /* BatteryStatusShowTests.xctest */ = {isa = PBXFileReference; explicitFileType = wrapper.cfbundle; includeInIndex = 0; path = BatteryStatusShowTests.xctest; sourceTree = BUILT_PRODUCTS_DIR; };
		614C00891EC23FA8001543D9 /* BatteryStatusShowTests.swift */ = {isa = PBXFileReference; lastKnownFileType = sourcecode.swift; path = BatteryStatusShowTests.swift; sourceTree = "<group>"; };
		614C008B1EC23FA8001543D9 /* Info.plist */ = {isa = PBXFileReference; lastKnownFileType = text.plist.xml; path = Info.plist; sourceTree = "<group>"; };
		614C00901EC23FA8001543D9 /* BatteryStatusShowUITests.xctest */ = {isa = PBXFileReference; explicitFileType = wrapper.cfbundle; includeInIndex = 0; path = BatteryStatusShowUITests.xctest; sourceTree = BUILT_PRODUCTS_DIR; };
		614C00941EC23FA8001543D9 /* BatteryStatusShowUITests.swift */ = {isa = PBXFileReference; lastKnownFileType = sourcecode.swift; path = BatteryStatusShowUITests.swift; sourceTree = "<group>"; };
		614C00961EC23FA8001543D9 /* Info.plist */ = {isa = PBXFileReference; lastKnownFileType = text.plist.xml; path = Info.plist; sourceTree = "<group>"; };
		614C00A21EC30661001543D9 /* IOBattery.swift */ = {isa = PBXFileReference; fileEncoding = 4; lastKnownFileType = sourcecode.swift; path = IOBattery.swift; sourceTree = "<group>"; };
		615118011EDEEDDA00D11475 /* IOSHistoryViewController.swift */ = {isa = PBXFileReference; fileEncoding = 4; lastKnownFileType = sourcecode.swift; name = IOSHistoryViewController.swift; path = ../IOSHistoryViewController.swift; sourceTree = "<group>"; };
		618084F924C0FA4A00E67F20 /* BatteryStatusShow_1.5.3.zip */ = {isa = PBXFileReference; lastKnownFileType = archive.zip; name = BatteryStatusShow_1.5.3.zip; path = release/BatteryStatusShow_1.5.3.zip; sourceTree = "<group>"; };
		61821D8D1EC49359005750A0 /* DetailViewController.swift */ = {isa = PBXFileReference; fileEncoding = 4; lastKnownFileType = sourcecode.swift; path = DetailViewController.swift; sourceTree = "<group>"; };
		6193276524707C3E000EA703 /* smc.c */ = {isa = PBXFileReference; lastKnownFileType = sourcecode.c.c; path = smc.c; sourceTree = "<group>"; };
		6193276624707C3E000EA703 /* smc.h */ = {isa = PBXFileReference; lastKnownFileType = sourcecode.c.h; path = smc.h; sourceTree = "<group>"; };
		6193276824707EAD000EA703 /* IOKit.framework */ = {isa = PBXFileReference; lastKnownFileType = wrapper.framework; name = IOKit.framework; path = System/Library/Frameworks/IOKit.framework; sourceTree = SDKROOT; };
		6193277A24708393000EA703 /* Foundation.framework */ = {isa = PBXFileReference; lastKnownFileType = wrapper.framework; name = Foundation.framework; path = System/Library/Frameworks/Foundation.framework; sourceTree = SDKROOT; };
		61932781247083FD000EA703 /* SmcHelper.h */ = {isa = PBXFileReference; fileEncoding = 4; lastKnownFileType = sourcecode.c.h; path = SmcHelper.h; sourceTree = "<group>"; };
		61932782247083FD000EA703 /* SmcHelper.m */ = {isa = PBXFileReference; fileEncoding = 4; lastKnownFileType = sourcecode.c.objc; path = SmcHelper.m; sourceTree = "<group>"; };
		61932788247090D0000EA703 /* smcutil */ = {isa = PBXFileReference; explicitFileType = "compiled.mach-o.executable"; includeInIndex = 0; path = smcutil; sourceTree = BUILT_PRODUCTS_DIR; };
		61932795247091AD000EA703 /* main.m */ = {isa = PBXFileReference; lastKnownFileType = sourcecode.c.objc; path = main.m; sourceTree = "<group>"; };
		6193279C2470F7C5000EA703 /* BatteryStatusShow.entitlements */ = {isa = PBXFileReference; lastKnownFileType = text.plist.entitlements; path = BatteryStatusShow.entitlements; sourceTree = "<group>"; };
		619327A024711229000EA703 /* smcutil-Prefix.pch */ = {isa = PBXFileReference; lastKnownFileType = sourcecode.c.h; path = "smcutil-Prefix.pch"; sourceTree = "<group>"; };
		619F38FB1ECB078D0074666B /* ChartViewController.swift */ = {isa = PBXFileReference; fileEncoding = 4; lastKnownFileType = sourcecode.swift; path = ChartViewController.swift; sourceTree = "<group>"; };
		619F38FD1ECB08370074666B /* BaseChartView.swift */ = {isa = PBXFileReference; fileEncoding = 4; lastKnownFileType = sourcecode.swift; path = BaseChartView.swift; sourceTree = "<group>"; };
		619F38FF1ECB53D10074666B /* BatteryViewController.swift */ = {isa = PBXFileReference; fileEncoding = 4; lastKnownFileType = sourcecode.swift; path = BatteryViewController.swift; sourceTree = "<group>"; };
		619F39011ECB595C0074666B /* HistoryViewController.swift */ = {isa = PBXFileReference; fileEncoding = 4; lastKnownFileType = sourcecode.swift; path = HistoryViewController.swift; sourceTree = "<group>"; };
		619F39031ECB794A0074666B /* PowerViewController.swift */ = {isa = PBXFileReference; fileEncoding = 4; lastKnownFileType = sourcecode.swift; path = PowerViewController.swift; sourceTree = "<group>"; };
		619F39061ECB80410074666B /* data.xcdatamodel */ = {isa = PBXFileReference; lastKnownFileType = wrapper.xcdatamodel; path = data.xcdatamodel; sourceTree = "<group>"; };
		619F39081ECB83310074666B /* DataController.swift */ = {isa = PBXFileReference; fileEncoding = 4; lastKnownFileType = sourcecode.swift; path = DataController.swift; sourceTree = "<group>"; };
		619F390A1ECB8EBC0074666B /* HistoryMO.swift */ = {isa = PBXFileReference; fileEncoding = 4; lastKnownFileType = sourcecode.swift; path = HistoryMO.swift; sourceTree = "<group>"; };
		61A99634256A9AEC009E81B3 /* BatteryStatusShow_1.5.41.zip */ = {isa = PBXFileReference; lastKnownFileType = archive.zip; name = BatteryStatusShow_1.5.41.zip; path = release/BatteryStatusShow_1.5.41.zip; sourceTree = "<group>"; };
		61AE7F7D1EE2A4140003BC96 /* BatteryStatusItem.swift */ = {isa = PBXFileReference; fileEncoding = 4; lastKnownFileType = sourcecode.swift; path = BatteryStatusItem.swift; sourceTree = "<group>"; };
		61AF6F451EDAF7D4005F8DA9 /* TabViewController.swift */ = {isa = PBXFileReference; fileEncoding = 4; lastKnownFileType = sourcecode.swift; path = TabViewController.swift; sourceTree = "<group>"; };
		61AF6F471EDB0A85005F8DA9 /* iosbattery.csv */ = {isa = PBXFileReference; fileEncoding = 4; lastKnownFileType = text; path = iosbattery.csv; sourceTree = "<group>"; };
		61AF6F491EDB1018005F8DA9 /* PeripheralViewControl.swift */ = {isa = PBXFileReference; fileEncoding = 4; lastKnownFileType = sourcecode.swift; path = PeripheralViewControl.swift; sourceTree = "<group>"; };
		61CDDFA42472FC8000B56900 /* libltdl.7.dylib */ = {isa = PBXFileReference; lastKnownFileType = "compiled.mach-o.dylib"; name = libltdl.7.dylib; path = BatteryStatusShow/libltdl.7.dylib; sourceTree = "<group>"; };
		61CDDFA52472FC8000B56900 /* libxml2.2.dylib */ = {isa = PBXFileReference; lastKnownFileType = "compiled.mach-o.dylib"; name = libxml2.2.dylib; path = BatteryStatusShow/libxml2.2.dylib; sourceTree = "<group>"; };
		61CDDFAA2472FDE400B56900 /* libgost.dylib */ = {isa = PBXFileReference; lastKnownFileType = "compiled.mach-o.bundle"; name = libgost.dylib; path = BatteryStatusShow/libgost.dylib; sourceTree = "<group>"; };
		61CDDFAB2472FDE400B56900 /* libimobiledevice.6.dylib */ = {isa = PBXFileReference; lastKnownFileType = "compiled.mach-o.dylib"; name = libimobiledevice.6.dylib; path = BatteryStatusShow/libimobiledevice.6.dylib; sourceTree = "<group>"; };
		61CDDFAC2472FDE400B56900 /* libcswift.dylib */ = {isa = PBXFileReference; lastKnownFileType = "compiled.mach-o.bundle"; name = libcswift.dylib; path = BatteryStatusShow/libcswift.dylib; sourceTree = "<group>"; };
		61CDDFAD2472FDE400B56900 /* lib4758cca.dylib */ = {isa = PBXFileReference; lastKnownFileType = "compiled.mach-o.bundle"; name = lib4758cca.dylib; path = BatteryStatusShow/lib4758cca.dylib; sourceTree = "<group>"; };
		61CDDFAE2472FDE400B56900 /* libgmp.dylib */ = {isa = PBXFileReference; lastKnownFileType = "compiled.mach-o.bundle"; name = libgmp.dylib; path = BatteryStatusShow/libgmp.dylib; sourceTree = "<group>"; };
		61CDDFAF2472FDE400B56900 /* libltdl.7.dylib */ = {isa = PBXFileReference; lastKnownFileType = "compiled.mach-o.dylib"; name = libltdl.7.dylib; path = BatteryStatusShow/libltdl.7.dylib; sourceTree = "<group>"; };
		61CDDFB02472FDE400B56900 /* libcrypto.1.0.0.dylib */ = {isa = PBXFileReference; lastKnownFileType = "compiled.mach-o.dylib"; name = libcrypto.1.0.0.dylib; path = BatteryStatusShow/libcrypto.1.0.0.dylib; sourceTree = "<group>"; };
		61CDDFB12472FDE400B56900 /* libnuron.dylib */ = {isa = PBXFileReference; lastKnownFileType = "compiled.mach-o.bundle"; name = libnuron.dylib; path = BatteryStatusShow/libnuron.dylib; sourceTree = "<group>"; };
		61CDDFB22472FDE400B56900 /* libpadlock.dylib */ = {isa = PBXFileReference; lastKnownFileType = "compiled.mach-o.bundle"; name = libpadlock.dylib; path = BatteryStatusShow/libpadlock.dylib; sourceTree = "<group>"; };
		61CDDFB32472FDE400B56900 /* libssl.1.0.0.dylib */ = {isa = PBXFileReference; lastKnownFileType = "compiled.mach-o.dylib"; name = libssl.1.0.0.dylib; path = BatteryStatusShow/libssl.1.0.0.dylib; sourceTree = "<group>"; };
		61CDDFB42472FDE400B56900 /* libubsec.dylib */ = {isa = PBXFileReference; lastKnownFileType = "compiled.mach-o.bundle"; name = libubsec.dylib; path = BatteryStatusShow/libubsec.dylib; sourceTree = "<group>"; };
		61CDDFB52472FDE400B56900 /* libchil.dylib */ = {isa = PBXFileReference; lastKnownFileType = "compiled.mach-o.bundle"; name = libchil.dylib; path = BatteryStatusShow/libchil.dylib; sourceTree = "<group>"; };
		61CDDFB62472FDE400B56900 /* libaep.dylib */ = {isa = PBXFileReference; lastKnownFileType = "compiled.mach-o.bundle"; name = libaep.dylib; path = BatteryStatusShow/libaep.dylib; sourceTree = "<group>"; };
		61CDDFB72472FDE400B56900 /* libusbmuxd.4.dylib */ = {isa = PBXFileReference; lastKnownFileType = "compiled.mach-o.dylib"; name = libusbmuxd.4.dylib; path = BatteryStatusShow/libusbmuxd.4.dylib; sourceTree = "<group>"; };
		61CDDFB82472FDE400B56900 /* libatalla.dylib */ = {isa = PBXFileReference; lastKnownFileType = "compiled.mach-o.bundle"; name = libatalla.dylib; path = BatteryStatusShow/libatalla.dylib; sourceTree = "<group>"; };
		61CDDFB92472FDE400B56900 /* libsureware.dylib */ = {isa = PBXFileReference; lastKnownFileType = "compiled.mach-o.bundle"; name = libsureware.dylib; path = BatteryStatusShow/libsureware.dylib; sourceTree = "<group>"; };
		61CDDFBA2472FDE400B56900 /* libusb-1.0.0.dylib */ = {isa = PBXFileReference; lastKnownFileType = "compiled.mach-o.dylib"; name = "libusb-1.0.0.dylib"; path = "BatteryStatusShow/libusb-1.0.0.dylib"; sourceTree = "<group>"; };
		61CDDFBB2472FDE400B56900 /* libplist++.3.dylib */ = {isa = PBXFileReference; lastKnownFileType = "compiled.mach-o.dylib"; name = "libplist++.3.dylib"; path = "BatteryStatusShow/libplist++.3.dylib"; sourceTree = "<group>"; };
		61CDDFBC2472FDE400B56900 /* libcapi.dylib */ = {isa = PBXFileReference; lastKnownFileType = "compiled.mach-o.bundle"; name = libcapi.dylib; path = BatteryStatusShow/libcapi.dylib; sourceTree = "<group>"; };
		61CDDFBD2472FDE400B56900 /* libplist.3.dylib */ = {isa = PBXFileReference; lastKnownFileType = "compiled.mach-o.dylib"; name = libplist.3.dylib; path = BatteryStatusShow/libplist.3.dylib; sourceTree = "<group>"; };
		61CDDFBE2472FDE400B56900 /* libxml2.2.dylib */ = {isa = PBXFileReference; lastKnownFileType = "compiled.mach-o.dylib"; name = libxml2.2.dylib; path = BatteryStatusShow/libxml2.2.dylib; sourceTree = "<group>"; };
		61CDDFD42472FDF700B56900 /* libimobiledevice.6.dylib */ = {isa = PBXFileReference; lastKnownFileType = "compiled.mach-o.dylib"; name = libimobiledevice.6.dylib; path = BatteryStatusShow/libimobiledevice.6.dylib; sourceTree = "<group>"; };
		61CDDFD52472FDF700B56900 /* libssl.1.0.0.dylib */ = {isa = PBXFileReference; lastKnownFileType = "compiled.mach-o.dylib"; name = libssl.1.0.0.dylib; path = BatteryStatusShow/libssl.1.0.0.dylib; sourceTree = "<group>"; };
		61CDDFD62472FDF700B56900 /* libcrypto.1.0.0.dylib */ = {isa = PBXFileReference; lastKnownFileType = "compiled.mach-o.dylib"; name = libcrypto.1.0.0.dylib; path = BatteryStatusShow/libcrypto.1.0.0.dylib; sourceTree = "<group>"; };
		61CDDFD72472FDF700B56900 /* libltdl.7.dylib */ = {isa = PBXFileReference; lastKnownFileType = "compiled.mach-o.dylib"; name = libltdl.7.dylib; path = BatteryStatusShow/libltdl.7.dylib; sourceTree = "<group>"; };
		61CDDFD82472FDF700B56900 /* libplist.3.dylib */ = {isa = PBXFileReference; lastKnownFileType = "compiled.mach-o.dylib"; name = libplist.3.dylib; path = BatteryStatusShow/libplist.3.dylib; sourceTree = "<group>"; };
		61CDDFD92472FDF700B56900 /* libusb-1.0.0.dylib */ = {isa = PBXFileReference; lastKnownFileType = "compiled.mach-o.dylib"; name = "libusb-1.0.0.dylib"; path = "BatteryStatusShow/libusb-1.0.0.dylib"; sourceTree = "<group>"; };
		61CDDFDA2472FDF700B56900 /* libusbmuxd.4.dylib */ = {isa = PBXFileReference; lastKnownFileType = "compiled.mach-o.dylib"; name = libusbmuxd.4.dylib; path = BatteryStatusShow/libusbmuxd.4.dylib; sourceTree = "<group>"; };
		61CDDFDB2472FDF700B56900 /* libxml2.2.dylib */ = {isa = PBXFileReference; lastKnownFileType = "compiled.mach-o.dylib"; name = libxml2.2.dylib; path = BatteryStatusShow/libxml2.2.dylib; sourceTree = "<group>"; };
		61CDDFDC2472FDF700B56900 /* libplist++.3.dylib */ = {isa = PBXFileReference; lastKnownFileType = "compiled.mach-o.dylib"; name = "libplist++.3.dylib"; path = "BatteryStatusShow/libplist++.3.dylib"; sourceTree = "<group>"; };
		61CDE0822473016D00B56900 /* libxml2.2.dylib */ = {isa = PBXFileReference; lastKnownFileType = "compiled.mach-o.dylib"; name = libxml2.2.dylib; path = ../../libmobile/installroot/lib/libxml2.2.dylib; sourceTree = "<group>"; };
		61CDE0832473016D00B56900 /* libusbmuxd.4.dylib */ = {isa = PBXFileReference; lastKnownFileType = "compiled.mach-o.dylib"; name = libusbmuxd.4.dylib; path = ../../libmobile/installroot/lib/libusbmuxd.4.dylib; sourceTree = "<group>"; };
		61CDE0842473016D00B56900 /* libimobiledevice.6.dylib */ = {isa = PBXFileReference; lastKnownFileType = "compiled.mach-o.dylib"; name = libimobiledevice.6.dylib; path = ../../libmobile/installroot/lib/libimobiledevice.6.dylib; sourceTree = "<group>"; };
		61CDE0852473016D00B56900 /* libltdl.7.dylib */ = {isa = PBXFileReference; lastKnownFileType = "compiled.mach-o.dylib"; name = libltdl.7.dylib; path = ../../libmobile/installroot/lib/libltdl.7.dylib; sourceTree = "<group>"; };
		61CDE0862473016D00B56900 /* libplist++.3.dylib */ = {isa = PBXFileReference; lastKnownFileType = "compiled.mach-o.dylib"; name = "libplist++.3.dylib"; path = "../../libmobile/installroot/lib/libplist++.3.dylib"; sourceTree = "<group>"; };
		61CDE0872473016D00B56900 /* libusb-1.0.0.dylib */ = {isa = PBXFileReference; lastKnownFileType = "compiled.mach-o.dylib"; name = "libusb-1.0.0.dylib"; path = "../../libmobile/installroot/lib/libusb-1.0.0.dylib"; sourceTree = "<group>"; };
		61CDE0882473016D00B56900 /* libplist.3.dylib */ = {isa = PBXFileReference; lastKnownFileType = "compiled.mach-o.dylib"; name = libplist.3.dylib; path = ../../libmobile/installroot/lib/libplist.3.dylib; sourceTree = "<group>"; };
		61CDE0B6247301FF00B56900 /* BatteryStatusShow.app */ = {isa = PBXFileReference; lastKnownFileType = wrapper.application; name = BatteryStatusShow.app; path = release/BatteryStatusShow.app; sourceTree = "<group>"; };
		61CDE0B82473024600B56900 /* libcswift.dylib */ = {isa = PBXFileReference; lastKnownFileType = "compiled.mach-o.bundle"; name = libcswift.dylib; path = "../../../../Library/Developer/Xcode/DerivedData/BatteryStatusShow-cfnzpswiegpjrtfacmwmdimhuyfj/Build/Products/Debug/BatteryStatusShow.app/Contents/Resources/libcswift.dylib"; sourceTree = "<group>"; };
		61CDE0B92473024600B56900 /* libssl.1.0.0.dylib */ = {isa = PBXFileReference; lastKnownFileType = "compiled.mach-o.dylib"; name = libssl.1.0.0.dylib; path = "../../../../Library/Developer/Xcode/DerivedData/BatteryStatusShow-cfnzpswiegpjrtfacmwmdimhuyfj/Build/Products/Debug/BatteryStatusShow.app/Contents/Resources/libssl.1.0.0.dylib"; sourceTree = "<group>"; };
		61CDE0BA2473024600B56900 /* libatalla.dylib */ = {isa = PBXFileReference; lastKnownFileType = "compiled.mach-o.bundle"; name = libatalla.dylib; path = "../../../../Library/Developer/Xcode/DerivedData/BatteryStatusShow-cfnzpswiegpjrtfacmwmdimhuyfj/Build/Products/Debug/BatteryStatusShow.app/Contents/Resources/libatalla.dylib"; sourceTree = "<group>"; };
		61CDE0BB2473024600B56900 /* libcapi.dylib */ = {isa = PBXFileReference; lastKnownFileType = "compiled.mach-o.bundle"; name = libcapi.dylib; path = "../../../../Library/Developer/Xcode/DerivedData/BatteryStatusShow-cfnzpswiegpjrtfacmwmdimhuyfj/Build/Products/Debug/BatteryStatusShow.app/Contents/Resources/libcapi.dylib"; sourceTree = "<group>"; };
		61CDE0BC2473024600B56900 /* libgmp.dylib */ = {isa = PBXFileReference; lastKnownFileType = "compiled.mach-o.bundle"; name = libgmp.dylib; path = "../../../../Library/Developer/Xcode/DerivedData/BatteryStatusShow-cfnzpswiegpjrtfacmwmdimhuyfj/Build/Products/Debug/BatteryStatusShow.app/Contents/Resources/libgmp.dylib"; sourceTree = "<group>"; };
		61CDE0BD2473024600B56900 /* libchil.dylib */ = {isa = PBXFileReference; lastKnownFileType = "compiled.mach-o.bundle"; name = libchil.dylib; path = "../../../../Library/Developer/Xcode/DerivedData/BatteryStatusShow-cfnzpswiegpjrtfacmwmdimhuyfj/Build/Products/Debug/BatteryStatusShow.app/Contents/Resources/libchil.dylib"; sourceTree = "<group>"; };
		61CDE0BE2473024600B56900 /* libplist++.3.dylib */ = {isa = PBXFileReference; lastKnownFileType = "compiled.mach-o.dylib"; name = "libplist++.3.dylib"; path = "../../../../Library/Developer/Xcode/DerivedData/BatteryStatusShow-cfnzpswiegpjrtfacmwmdimhuyfj/Build/Products/Debug/BatteryStatusShow.app/Contents/Resources/libplist++.3.dylib"; sourceTree = "<group>"; };
		61CDE0BF2473024600B56900 /* libltdl.7.dylib */ = {isa = PBXFileReference; lastKnownFileType = "compiled.mach-o.dylib"; name = libltdl.7.dylib; path = "../../../../Library/Developer/Xcode/DerivedData/BatteryStatusShow-cfnzpswiegpjrtfacmwmdimhuyfj/Build/Products/Debug/BatteryStatusShow.app/Contents/Resources/libltdl.7.dylib"; sourceTree = "<group>"; };
		61CDE0C02473024600B56900 /* libsureware.dylib */ = {isa = PBXFileReference; lastKnownFileType = "compiled.mach-o.bundle"; name = libsureware.dylib; path = "../../../../Library/Developer/Xcode/DerivedData/BatteryStatusShow-cfnzpswiegpjrtfacmwmdimhuyfj/Build/Products/Debug/BatteryStatusShow.app/Contents/Resources/libsureware.dylib"; sourceTree = "<group>"; };
		61CDE0C12473024600B56900 /* libplist.3.dylib */ = {isa = PBXFileReference; lastKnownFileType = "compiled.mach-o.dylib"; name = libplist.3.dylib; path = "../../../../Library/Developer/Xcode/DerivedData/BatteryStatusShow-cfnzpswiegpjrtfacmwmdimhuyfj/Build/Products/Debug/BatteryStatusShow.app/Contents/Resources/libplist.3.dylib"; sourceTree = "<group>"; };
		61CDE0C22473024600B56900 /* libusb-1.0.0.dylib */ = {isa = PBXFileReference; lastKnownFileType = "compiled.mach-o.dylib"; name = "libusb-1.0.0.dylib"; path = "../../../../Library/Developer/Xcode/DerivedData/BatteryStatusShow-cfnzpswiegpjrtfacmwmdimhuyfj/Build/Products/Debug/BatteryStatusShow.app/Contents/Resources/libusb-1.0.0.dylib"; sourceTree = "<group>"; };
		61CDE0C32473024600B56900 /* libaep.dylib */ = {isa = PBXFileReference; lastKnownFileType = "compiled.mach-o.bundle"; name = libaep.dylib; path = "../../../../Library/Developer/Xcode/DerivedData/BatteryStatusShow-cfnzpswiegpjrtfacmwmdimhuyfj/Build/Products/Debug/BatteryStatusShow.app/Contents/Resources/libaep.dylib"; sourceTree = "<group>"; };
		61CDE0C42473024600B56900 /* libcrypto.1.0.0.dylib */ = {isa = PBXFileReference; lastKnownFileType = "compiled.mach-o.dylib"; name = libcrypto.1.0.0.dylib; path = "../../../../Library/Developer/Xcode/DerivedData/BatteryStatusShow-cfnzpswiegpjrtfacmwmdimhuyfj/Build/Products/Debug/BatteryStatusShow.app/Contents/Resources/libcrypto.1.0.0.dylib"; sourceTree = "<group>"; };
		61CDE0C52473024600B56900 /* libusbmuxd.4.dylib */ = {isa = PBXFileReference; lastKnownFileType = "compiled.mach-o.dylib"; name = libusbmuxd.4.dylib; path = "../../../../Library/Developer/Xcode/DerivedData/BatteryStatusShow-cfnzpswiegpjrtfacmwmdimhuyfj/Build/Products/Debug/BatteryStatusShow.app/Contents/Resources/libusbmuxd.4.dylib"; sourceTree = "<group>"; };
		61CDE0C62473024600B56900 /* libimobiledevice.6.dylib */ = {isa = PBXFileReference; lastKnownFileType = "compiled.mach-o.dylib"; name = libimobiledevice.6.dylib; path = "../../../../Library/Developer/Xcode/DerivedData/BatteryStatusShow-cfnzpswiegpjrtfacmwmdimhuyfj/Build/Products/Debug/BatteryStatusShow.app/Contents/Resources/libimobiledevice.6.dylib"; sourceTree = "<group>"; };
		61CDE0C72473024600B56900 /* libnuron.dylib */ = {isa = PBXFileReference; lastKnownFileType = "compiled.mach-o.bundle"; name = libnuron.dylib; path = "../../../../Library/Developer/Xcode/DerivedData/BatteryStatusShow-cfnzpswiegpjrtfacmwmdimhuyfj/Build/Products/Debug/BatteryStatusShow.app/Contents/Resources/libnuron.dylib"; sourceTree = "<group>"; };
		61CDE0C82473024600B56900 /* libgost.dylib */ = {isa = PBXFileReference; lastKnownFileType = "compiled.mach-o.bundle"; name = libgost.dylib; path = "../../../../Library/Developer/Xcode/DerivedData/BatteryStatusShow-cfnzpswiegpjrtfacmwmdimhuyfj/Build/Products/Debug/BatteryStatusShow.app/Contents/Resources/libgost.dylib"; sourceTree = "<group>"; };
		61CDE0C92473024600B56900 /* libpadlock.dylib */ = {isa = PBXFileReference; lastKnownFileType = "compiled.mach-o.bundle"; name = libpadlock.dylib; path = "../../../../Library/Developer/Xcode/DerivedData/BatteryStatusShow-cfnzpswiegpjrtfacmwmdimhuyfj/Build/Products/Debug/BatteryStatusShow.app/Contents/Resources/libpadlock.dylib"; sourceTree = "<group>"; };
		61CDE0CA2473024600B56900 /* libxml2.2.dylib */ = {isa = PBXFileReference; lastKnownFileType = "compiled.mach-o.dylib"; name = libxml2.2.dylib; path = "../../../../Library/Developer/Xcode/DerivedData/BatteryStatusShow-cfnzpswiegpjrtfacmwmdimhuyfj/Build/Products/Debug/BatteryStatusShow.app/Contents/Resources/libxml2.2.dylib"; sourceTree = "<group>"; };
		61CDE0CB2473024600B56900 /* lib4758cca.dylib */ = {isa = PBXFileReference; lastKnownFileType = "compiled.mach-o.bundle"; name = lib4758cca.dylib; path = "../../../../Library/Developer/Xcode/DerivedData/BatteryStatusShow-cfnzpswiegpjrtfacmwmdimhuyfj/Build/Products/Debug/BatteryStatusShow.app/Contents/Resources/lib4758cca.dylib"; sourceTree = "<group>"; };
		61CDE0CC2473024600B56900 /* libubsec.dylib */ = {isa = PBXFileReference; lastKnownFileType = "compiled.mach-o.bundle"; name = libubsec.dylib; path = "../../../../Library/Developer/Xcode/DerivedData/BatteryStatusShow-cfnzpswiegpjrtfacmwmdimhuyfj/Build/Products/Debug/BatteryStatusShow.app/Contents/Resources/libubsec.dylib"; sourceTree = "<group>"; };
		61CDE12E24731C9200B56900 /* smcutil */ = {isa = PBXFileReference; lastKnownFileType = "compiled.mach-o.executable"; name = smcutil; path = BatteryStatusShow/smcutil/Products/usr/local/bin/smcutil; sourceTree = "<group>"; };
		61D358161ED0C4B800769C03 /* TwoAxisBaseChartView.swift */ = {isa = PBXFileReference; fileEncoding = 4; lastKnownFileType = sourcecode.swift; path = TwoAxisBaseChartView.swift; sourceTree = "<group>"; };
		61D358181ED217F600769C03 /* v2.xcdatamodel */ = {isa = PBXFileReference; lastKnownFileType = wrapper.xcdatamodel; path = v2.xcdatamodel; sourceTree = "<group>"; };
		61D358191ED21F9000769C03 /* mapping .xcmappingmodel */ = {isa = PBXFileReference; lastKnownFileType = wrapper.xcmappingmodel; path = "mapping .xcmappingmodel"; sourceTree = "<group>"; };
		61D3581B1ED237C900769C03 /* CycleEntityMigrationPolicy.swift */ = {isa = PBXFileReference; fileEncoding = 4; lastKnownFileType = sourcecode.swift; name = CycleEntityMigrationPolicy.swift; path = ../CycleEntityMigrationPolicy.swift; sourceTree = "<group>"; };
		61D3581D1ED23EA200769C03 /* mappingtoold.xcmappingmodel */ = {isa = PBXFileReference; lastKnownFileType = wrapper.xcmappingmodel; path = mappingtoold.xcmappingmodel; sourceTree = "<group>"; };
		61E4D21524718E9500E9860B /* README.md */ = {isa = PBXFileReference; lastKnownFileType = net.daringfireball.markdown; path = README.md; sourceTree = "<group>"; };
		61E4D21624718FBD00E9860B /* readme_pic1.png */ = {isa = PBXFileReference; lastKnownFileType = image.png; name = readme_pic1.png; path = README/readme_pic1.png; sourceTree = "<group>"; };
		61E4D21724718FBD00E9860B /* readme_pic2.png */ = {isa = PBXFileReference; lastKnownFileType = image.png; name = readme_pic2.png; path = README/readme_pic2.png; sourceTree = "<group>"; };
/* End PBXFileReference section */

/* Begin PBXFrameworksBuildPhase section */
		614C00711EC23FA8001543D9 /* Frameworks */ = {
			isa = PBXFrameworksBuildPhase;
			buildActionMask = 2147483647;
			files = (
				61CDE1092473088E00B56900 /* libimobiledevice.6.dylib in Frameworks */,
				61CDE1112473088E00B56900 /* libssl.1.0.0.dylib in Frameworks */,
				61CDE1072473088E00B56900 /* libcrypto.1.0.0.dylib in Frameworks */,
				61CDE12924730C5200B56900 /* libplist.3.dylib in Frameworks */,
				61CDE12724730C5200B56900 /* libusb-1.0.0.dylib in Frameworks */,
				61CDE10F2473088E00B56900 /* libplist++.3.dylib in Frameworks */,
				61CDE1172473088F00B56900 /* libxml2.2.dylib in Frameworks */,
			);
			runOnlyForDeploymentPostprocessing = 0;
		};
		614C00821EC23FA8001543D9 /* Frameworks */ = {
			isa = PBXFrameworksBuildPhase;
			buildActionMask = 2147483647;
			files = (
			);
			runOnlyForDeploymentPostprocessing = 0;
		};
		614C008D1EC23FA8001543D9 /* Frameworks */ = {
			isa = PBXFrameworksBuildPhase;
			buildActionMask = 2147483647;
			files = (
			);
			runOnlyForDeploymentPostprocessing = 0;
		};
		61932785247090D0000EA703 /* Frameworks */ = {
			isa = PBXFrameworksBuildPhase;
			buildActionMask = 2147483647;
			files = (
				619327942470911A000EA703 /* IOKit.framework in Frameworks */,
				6193279324709114000EA703 /* Foundation.framework in Frameworks */,
			);
			runOnlyForDeploymentPostprocessing = 0;
		};
/* End PBXFrameworksBuildPhase section */

/* Begin PBXGroup section */
		61065A9C1ED43636008DB039 /* Frameworks */ = {
			isa = PBXGroup;
			children = (
				61CDE0CB2473024600B56900 /* lib4758cca.dylib */,
				61CDE0C32473024600B56900 /* libaep.dylib */,
				61CDE0BA2473024600B56900 /* libatalla.dylib */,
				61CDE0BB2473024600B56900 /* libcapi.dylib */,
				61CDE0BD2473024600B56900 /* libchil.dylib */,
				61CDE0C42473024600B56900 /* libcrypto.1.0.0.dylib */,
				61CDE0B82473024600B56900 /* libcswift.dylib */,
				61CDE0BC2473024600B56900 /* libgmp.dylib */,
				61CDE0C82473024600B56900 /* libgost.dylib */,
				61CDE0C62473024600B56900 /* libimobiledevice.6.dylib */,
				61CDE0BF2473024600B56900 /* libltdl.7.dylib */,
				61CDE0C72473024600B56900 /* libnuron.dylib */,
				61CDE0C92473024600B56900 /* libpadlock.dylib */,
				61CDE0C12473024600B56900 /* libplist.3.dylib */,
				61CDE0BE2473024600B56900 /* libplist++.3.dylib */,
				61CDE0B92473024600B56900 /* libssl.1.0.0.dylib */,
				61CDE0C02473024600B56900 /* libsureware.dylib */,
				61CDE0CC2473024600B56900 /* libubsec.dylib */,
				61CDE0C22473024600B56900 /* libusb-1.0.0.dylib */,
				61CDE0C52473024600B56900 /* libusbmuxd.4.dylib */,
				61CDE0CA2473024600B56900 /* libxml2.2.dylib */,
				61CDE0B6247301FF00B56900 /* BatteryStatusShow.app */,
				61CDDFA42472FC8000B56900 /* libltdl.7.dylib */,
				61CDE0842473016D00B56900 /* libimobiledevice.6.dylib */,
				61CDE0852473016D00B56900 /* libltdl.7.dylib */,
				61CDE0882473016D00B56900 /* libplist.3.dylib */,
				61CDE0862473016D00B56900 /* libplist++.3.dylib */,
				61CDE0872473016D00B56900 /* libusb-1.0.0.dylib */,
				61CDE0832473016D00B56900 /* libusbmuxd.4.dylib */,
				61CDDFA52472FC8000B56900 /* libxml2.2.dylib */,
				61CDE0822473016D00B56900 /* libxml2.2.dylib */,
				6193277A24708393000EA703 /* Foundation.framework */,
				6193276824707EAD000EA703 /* IOKit.framework */,
				6143BBC71ED9AE9800F12627 /* Security.framework */,
			);
			name = Frameworks;
			sourceTree = "<group>";
		};
		614C006B1EC23FA8001543D9 = {
			isa = PBXGroup;
			children = (
				618084F924C0FA4A00E67F20 /* BatteryStatusShow_1.5.3.zip */,
				61A99634256A9AEC009E81B3 /* BatteryStatusShow_1.5.41.zip */,
				61CDE12E24731C9200B56900 /* smcutil */,
				61CDDFD62472FDF700B56900 /* libcrypto.1.0.0.dylib */,
				61CDDFD42472FDF700B56900 /* libimobiledevice.6.dylib */,
				61CDDFD72472FDF700B56900 /* libltdl.7.dylib */,
				61CDDFD82472FDF700B56900 /* libplist.3.dylib */,
				61CDDFDC2472FDF700B56900 /* libplist++.3.dylib */,
				61CDDFD52472FDF700B56900 /* libssl.1.0.0.dylib */,
				61CDDFD92472FDF700B56900 /* libusb-1.0.0.dylib */,
				61CDDFDA2472FDF700B56900 /* libusbmuxd.4.dylib */,
				61CDDFDB2472FDF700B56900 /* libxml2.2.dylib */,
				61CDDFAD2472FDE400B56900 /* lib4758cca.dylib */,
				61CDDFB62472FDE400B56900 /* libaep.dylib */,
				61CDDFB82472FDE400B56900 /* libatalla.dylib */,
				61CDDFBC2472FDE400B56900 /* libcapi.dylib */,
				61CDDFB52472FDE400B56900 /* libchil.dylib */,
				61CDDFB02472FDE400B56900 /* libcrypto.1.0.0.dylib */,
				61CDDFAC2472FDE400B56900 /* libcswift.dylib */,
				61CDDFAE2472FDE400B56900 /* libgmp.dylib */,
				61CDDFAA2472FDE400B56900 /* libgost.dylib */,
				61CDDFAB2472FDE400B56900 /* libimobiledevice.6.dylib */,
				61CDDFAF2472FDE400B56900 /* libltdl.7.dylib */,
				61CDDFB12472FDE400B56900 /* libnuron.dylib */,
				61CDDFB22472FDE400B56900 /* libpadlock.dylib */,
				61CDDFBD2472FDE400B56900 /* libplist.3.dylib */,
				61CDDFBB2472FDE400B56900 /* libplist++.3.dylib */,
				61CDDFB32472FDE400B56900 /* libssl.1.0.0.dylib */,
				61CDDFB92472FDE400B56900 /* libsureware.dylib */,
				61CDDFB42472FDE400B56900 /* libubsec.dylib */,
				61CDDFBA2472FDE400B56900 /* libusb-1.0.0.dylib */,
				61CDDFB72472FDE400B56900 /* libusbmuxd.4.dylib */,
				61CDDFBE2472FDE400B56900 /* libxml2.2.dylib */,
				61E4D21624718FBD00E9860B /* readme_pic1.png */,
				61E4D21724718FBD00E9860B /* readme_pic2.png */,
				61E4D21524718E9500E9860B /* README.md */,
				614C00761EC23FA8001543D9 /* BatteryStatusShow */,
				614C00881EC23FA8001543D9 /* BatteryStatusShowTests */,
				614C00931EC23FA8001543D9 /* BatteryStatusShowUITests */,
				61932789247090D0000EA703 /* smcutil */,
				614C00751EC23FA8001543D9 /* Products */,
				61065A9C1ED43636008DB039 /* Frameworks */,
			);
			sourceTree = "<group>";
		};
		614C00751EC23FA8001543D9 /* Products */ = {
			isa = PBXGroup;
			children = (
				614C00741EC23FA8001543D9 /* BatteryStatusShow.app */,
				614C00851EC23FA8001543D9 /* BatteryStatusShowTests.xctest */,
				614C00901EC23FA8001543D9 /* BatteryStatusShowUITests.xctest */,
				61932788247090D0000EA703 /* smcutil */,
			);
			name = Products;
			sourceTree = "<group>";
		};
		614C00761EC23FA8001543D9 /* BatteryStatusShow */ = {
			isa = PBXGroup;
			children = (
				6193279C2470F7C5000EA703 /* BatteryStatusShow.entitlements */,
				619327A024711229000EA703 /* smcutil-Prefix.pch */,
				61932781247083FD000EA703 /* SmcHelper.h */,
				61932782247083FD000EA703 /* SmcHelper.m */,
				6193276524707C3E000EA703 /* smc.c */,
				6193276624707C3E000EA703 /* smc.h */,
				6111F0E71ED894AD004DD608 /* include */,
				61065A5B1ED338A6008DB039 /* battery.csv */,
				61AF6F471EDB0A85005F8DA9 /* iosbattery.csv */,
				6143BBCF1ED9B0B000F12627 /* lib4758cca.dylib */,
				6143BBD01ED9B0B000F12627 /* libaep.dylib */,
				6143BBD11ED9B0B000F12627 /* libatalla.dylib */,
				6143BBD21ED9B0B000F12627 /* libcapi.dylib */,
				6143BBD31ED9B0B000F12627 /* libchil.dylib */,
				6143BBE71ED9B0BE00F12627 /* libcrypto.1.0.0.dylib */,
				6143BBE91ED9B0BE00F12627 /* libcrypto.dylib */,
				6143BBD41ED9B0B000F12627 /* libcswift.dylib */,
				6143BBD51ED9B0B000F12627 /* libgmp.dylib */,
				6143BBD61ED9B0B000F12627 /* libgost.dylib */,
				611453931ED941640049A78A /* libimobiledevice.6.dylib */,
				6143BBD71ED9B0B000F12627 /* libnuron.dylib */,
				6143BBD81ED9B0B000F12627 /* libpadlock.dylib */,
				6143BBB61ED9453C00F12627 /* libplist.3.dylib */,
				6143BBB81ED9453C00F12627 /* libplist.dylib */,
				6114538F1ED941460049A78A /* libplist++.3.dylib */,
				6143BBEA1ED9B0BE00F12627 /* libssl.1.0.0.dylib */,
				6143BBEC1ED9B0BE00F12627 /* libssl.dylib */,
				6143BBD91ED9B0B000F12627 /* libsureware.dylib */,
				6143BBDA1ED9B0B000F12627 /* libubsec.dylib */,
				6143BBC91ED9B05200F12627 /* libusb-1.0.0.dylib */,
				6143BBCB1ED9B05200F12627 /* libusb-1.0.dylib */,
				6143BBF31ED9B0EF00F12627 /* libusbmuxd.4.dylib */,
				6143BBF51ED9B0EF00F12627 /* libusbmuxd.dylib */,
				6111F0EB1ED8984F004DD608 /* Bridging-Header.h */,
				614C00801EC23FA8001543D9 /* Info.plist */,
				614C00771EC23FA8001543D9 /* AppDelegate.swift */,
				619F38FD1ECB08370074666B /* BaseChartView.swift */,
				619F38FF1ECB53D10074666B /* BatteryViewController.swift */,
				619F38FB1ECB078D0074666B /* ChartViewController.swift */,
				61D3581B1ED237C900769C03 /* CycleEntityMigrationPolicy.swift */,
				619F39081ECB83310074666B /* DataController.swift */,
				61821D8D1EC49359005750A0 /* DetailViewController.swift */,
				619F390A1ECB8EBC0074666B /* HistoryMO.swift */,
				619F39011ECB595C0074666B /* HistoryViewController.swift */,
				614C00A21EC30661001543D9 /* IOBattery.swift */,
				61065A5D1ED384D8008DB039 /* IOHID.swift */,
				61245F6F1EDAC2A5006940C9 /* iOSDetailViewController.swift */,
				615118011EDEEDDA00D11475 /* IOSHistoryViewController.swift */,
				6129C5C71EDC8E6D006A447F /* LogView.swift */,
				6129C5C51EDC8D0E006A447F /* LogViewController.swift */,
				61AF6F491EDB1018005F8DA9 /* PeripheralViewControl.swift */,
				619F39031ECB794A0074666B /* PowerViewController.swift */,
				6129C5C91EDDEDBB006A447F /* StatusBaseChartView.swift */,
				61AF6F451EDAF7D4005F8DA9 /* TabViewController.swift */,
				61D358161ED0C4B800769C03 /* TwoAxisBaseChartView.swift */,
				614C007B1EC23FA8001543D9 /* Assets.xcassets */,
				61D358191ED21F9000769C03 /* mapping .xcmappingmodel */,
				61D3581D1ED23EA200769C03 /* mappingtoold.xcmappingmodel */,
				619F39051ECB80410074666B /* data.xcdatamodeld */,
				614C007D1EC23FA8001543D9 /* Main.storyboard */,
				611AEA7F1EE1E8C600315DA9 /* IOSModelDict.swift */,
				61AE7F7D1EE2A4140003BC96 /* BatteryStatusItem.swift */,
				61095B0D1EE537BA00C924AC /* WindowsController.swift */,
			);
			path = BatteryStatusShow;
			sourceTree = "<group>";
		};
		614C00881EC23FA8001543D9 /* BatteryStatusShowTests */ = {
			isa = PBXGroup;
			children = (
				614C00891EC23FA8001543D9 /* BatteryStatusShowTests.swift */,
				614C008B1EC23FA8001543D9 /* Info.plist */,
			);
			path = BatteryStatusShowTests;
			sourceTree = "<group>";
		};
		614C00931EC23FA8001543D9 /* BatteryStatusShowUITests */ = {
			isa = PBXGroup;
			children = (
				614C00941EC23FA8001543D9 /* BatteryStatusShowUITests.swift */,
				614C00961EC23FA8001543D9 /* Info.plist */,
			);
			path = BatteryStatusShowUITests;
			sourceTree = "<group>";
		};
		61932789247090D0000EA703 /* smcutil */ = {
			isa = PBXGroup;
			children = (
				61932795247091AD000EA703 /* main.m */,
			);
			path = smcutil;
			sourceTree = "<group>";
		};
/* End PBXGroup section */

/* Begin PBXNativeTarget section */
		614C00731EC23FA8001543D9 /* BatteryStatusShow */ = {
			isa = PBXNativeTarget;
			buildConfigurationList = 614C00991EC23FA8001543D9 /* Build configuration list for PBXNativeTarget "BatteryStatusShow" */;
			buildPhases = (
				614C00701EC23FA8001543D9 /* Sources */,
				614C00711EC23FA8001543D9 /* Frameworks */,
				614C00721EC23FA8001543D9 /* Resources */,
				61CDE1192473088F00B56900 /* Embed Libraries */,
			);
			buildRules = (
			);
			dependencies = (
			);
			name = BatteryStatusShow;
			productName = BatteryStatusShow;
			productReference = 614C00741EC23FA8001543D9 /* BatteryStatusShow.app */;
			productType = "com.apple.product-type.application";
		};
		614C00841EC23FA8001543D9 /* BatteryStatusShowTests */ = {
			isa = PBXNativeTarget;
			buildConfigurationList = 614C009C1EC23FA8001543D9 /* Build configuration list for PBXNativeTarget "BatteryStatusShowTests" */;
			buildPhases = (
				614C00811EC23FA8001543D9 /* Sources */,
				614C00821EC23FA8001543D9 /* Frameworks */,
				614C00831EC23FA8001543D9 /* Resources */,
			);
			buildRules = (
			);
			dependencies = (
				614C00871EC23FA8001543D9 /* PBXTargetDependency */,
			);
			name = BatteryStatusShowTests;
			productName = BatteryStatusShowTests;
			productReference = 614C00851EC23FA8001543D9 /* BatteryStatusShowTests.xctest */;
			productType = "com.apple.product-type.bundle.unit-test";
		};
		614C008F1EC23FA8001543D9 /* BatteryStatusShowUITests */ = {
			isa = PBXNativeTarget;
			buildConfigurationList = 614C009F1EC23FA8001543D9 /* Build configuration list for PBXNativeTarget "BatteryStatusShowUITests" */;
			buildPhases = (
				614C008C1EC23FA8001543D9 /* Sources */,
				614C008D1EC23FA8001543D9 /* Frameworks */,
				614C008E1EC23FA8001543D9 /* Resources */,
			);
			buildRules = (
			);
			dependencies = (
				614C00921EC23FA8001543D9 /* PBXTargetDependency */,
			);
			name = BatteryStatusShowUITests;
			productName = BatteryStatusShowUITests;
			productReference = 614C00901EC23FA8001543D9 /* BatteryStatusShowUITests.xctest */;
			productType = "com.apple.product-type.bundle.ui-testing";
		};
		61932787247090D0000EA703 /* smcutil */ = {
			isa = PBXNativeTarget;
			buildConfigurationList = 6193278C247090D0000EA703 /* Build configuration list for PBXNativeTarget "smcutil" */;
			buildPhases = (
				61932784247090D0000EA703 /* Sources */,
				61932785247090D0000EA703 /* Frameworks */,
				61932786247090D0000EA703 /* CopyFiles */,
			);
			buildRules = (
			);
			dependencies = (
			);
			name = smcutil;
			productName = smcutil;
			productReference = 61932788247090D0000EA703 /* smcutil */;
			productType = "com.apple.product-type.tool";
		};
/* End PBXNativeTarget section */

/* Begin PBXProject section */
		614C006C1EC23FA8001543D9 /* Project object */ = {
			isa = PBXProject;
			attributes = {
				LastSwiftUpdateCheck = 0830;
				LastUpgradeCheck = 1140;
				ORGANIZATIONNAME = sicreativelee;
				TargetAttributes = {
					614C00731EC23FA8001543D9 = {
						CreatedOnToolsVersion = 8.3;
						LastSwiftMigration = 0900;
						ProvisioningStyle = Automatic;
					};
					614C00841EC23FA8001543D9 = {
						CreatedOnToolsVersion = 8.3;
						LastSwiftMigration = 0900;
						ProvisioningStyle = Manual;
						TestTargetID = 614C00731EC23FA8001543D9;
					};
					614C008F1EC23FA8001543D9 = {
						CreatedOnToolsVersion = 8.3;
						LastSwiftMigration = 0900;
						ProvisioningStyle = Automatic;
						TestTargetID = 614C00731EC23FA8001543D9;
					};
					61932787247090D0000EA703 = {
						CreatedOnToolsVersion = 11.4;
						ProvisioningStyle = Manual;
					};
				};
			};
			buildConfigurationList = 614C006F1EC23FA8001543D9 /* Build configuration list for PBXProject "BatteryStatusShow" */;
			compatibilityVersion = "Xcode 8.0";
			developmentRegion = en;
			hasScannedForEncodings = 0;
			knownRegions = (
				en,
				Base,
			);
			mainGroup = 614C006B1EC23FA8001543D9;
			productRefGroup = 614C00751EC23FA8001543D9 /* Products */;
			projectDirPath = "";
			projectRoot = "";
			targets = (
				614C00731EC23FA8001543D9 /* BatteryStatusShow */,
				614C00841EC23FA8001543D9 /* BatteryStatusShowTests */,
				614C008F1EC23FA8001543D9 /* BatteryStatusShowUITests */,
				61932787247090D0000EA703 /* smcutil */,
			);
		};
/* End PBXProject section */

/* Begin PBXResourcesBuildPhase section */
		614C00721EC23FA8001543D9 /* Resources */ = {
			isa = PBXResourcesBuildPhase;
			buildActionMask = 2147483647;
			files = (
				61A9962C256A99B6009E81B3 /* smcutil in Resources */,
				61A99611256A2AAE009E81B3 /* Main.storyboard in Resources */,
				614C007C1EC23FA8001543D9 /* Assets.xcassets in Resources */,
			);
			runOnlyForDeploymentPostprocessing = 0;
		};
		614C00831EC23FA8001543D9 /* Resources */ = {
			isa = PBXResourcesBuildPhase;
			buildActionMask = 2147483647;
			files = (
			);
			runOnlyForDeploymentPostprocessing = 0;
		};
		614C008E1EC23FA8001543D9 /* Resources */ = {
			isa = PBXResourcesBuildPhase;
			buildActionMask = 2147483647;
			files = (
			);
			runOnlyForDeploymentPostprocessing = 0;
		};
/* End PBXResourcesBuildPhase section */

/* Begin PBXSourcesBuildPhase section */
		614C00701EC23FA8001543D9 /* Sources */ = {
			isa = PBXSourcesBuildPhase;
			buildActionMask = 2147483647;
			files = (
				619F39071ECB80410074666B /* data.xcdatamodeld in Sources */,
				619F38FE1ECB08370074666B /* BaseChartView.swift in Sources */,
				61AE7F7E1EE2A4140003BC96 /* BatteryStatusItem.swift in Sources */,
				614C00A31EC30661001543D9 /* IOBattery.swift in Sources */,
				61065A5E1ED384D8008DB039 /* IOHID.swift in Sources */,
				61095B0E1EE537BA00C924AC /* WindowsController.swift in Sources */,
				61245F701EDAC2A5006940C9 /* iOSDetailViewController.swift in Sources */,
				6129C5CA1EDDEDBB006A447F /* StatusBaseChartView.swift in Sources */,
				61D358171ED0C4B800769C03 /* TwoAxisBaseChartView.swift in Sources */,
				61AF6F461EDAF7D4005F8DA9 /* TabViewController.swift in Sources */,
				619F390B1ECB8EBC0074666B /* HistoryMO.swift in Sources */,
				61D3581C1ED237C900769C03 /* CycleEntityMigrationPolicy.swift in Sources */,
				619F39001ECB53D10074666B /* BatteryViewController.swift in Sources */,
				619F39091ECB83310074666B /* DataController.swift in Sources */,
				6129C5C61EDC8D0E006A447F /* LogViewController.swift in Sources */,
				61AF6F4A1EDB1018005F8DA9 /* PeripheralViewControl.swift in Sources */,
				6129C5C81EDC8E6D006A447F /* LogView.swift in Sources */,
				614C00781EC23FA8001543D9 /* AppDelegate.swift in Sources */,
				61D3581A1ED21F9000769C03 /* mapping .xcmappingmodel in Sources */,
				615118021EDEEDDA00D11475 /* IOSHistoryViewController.swift in Sources */,
				619F39041ECB794A0074666B /* PowerViewController.swift in Sources */,
				619F38FC1ECB078D0074666B /* ChartViewController.swift in Sources */,
				61821D8E1EC49359005750A0 /* DetailViewController.swift in Sources */,
				611AEA801EE1E8C600315DA9 /* IOSModelDict.swift in Sources */,
				619F39021ECB595C0074666B /* HistoryViewController.swift in Sources */,
				61D3581E1ED23EA200769C03 /* mappingtoold.xcmappingmodel in Sources */,
			);
			runOnlyForDeploymentPostprocessing = 0;
		};
		614C00811EC23FA8001543D9 /* Sources */ = {
			isa = PBXSourcesBuildPhase;
			buildActionMask = 2147483647;
			files = (
				614C008A1EC23FA8001543D9 /* BatteryStatusShowTests.swift in Sources */,
			);
			runOnlyForDeploymentPostprocessing = 0;
		};
		614C008C1EC23FA8001543D9 /* Sources */ = {
			isa = PBXSourcesBuildPhase;
			buildActionMask = 2147483647;
			files = (
				614C00951EC23FA8001543D9 /* BatteryStatusShowUITests.swift in Sources */,
			);
			runOnlyForDeploymentPostprocessing = 0;
		};
		61932784247090D0000EA703 /* Sources */ = {
			isa = PBXSourcesBuildPhase;
			buildActionMask = 2147483647;
			files = (
				61932796247091E0000EA703 /* main.m in Sources */,
				6193279024709106000EA703 /* SmcHelper.m in Sources */,
				6193279124709106000EA703 /* smc.c in Sources */,
			);
			runOnlyForDeploymentPostprocessing = 0;
		};
/* End PBXSourcesBuildPhase section */

/* Begin PBXTargetDependency section */
		614C00871EC23FA8001543D9 /* PBXTargetDependency */ = {
			isa = PBXTargetDependency;
			target = 614C00731EC23FA8001543D9 /* BatteryStatusShow */;
			targetProxy = 614C00861EC23FA8001543D9 /* PBXContainerItemProxy */;
		};
		614C00921EC23FA8001543D9 /* PBXTargetDependency */ = {
			isa = PBXTargetDependency;
			target = 614C00731EC23FA8001543D9 /* BatteryStatusShow */;
			targetProxy = 614C00911EC23FA8001543D9 /* PBXContainerItemProxy */;
		};
/* End PBXTargetDependency section */

/* Begin PBXVariantGroup section */
		614C007D1EC23FA8001543D9 /* Main.storyboard */ = {
			isa = PBXVariantGroup;
			children = (
				614C007E1EC23FA8001543D9 /* Base */,
			);
			name = Main.storyboard;
			sourceTree = "<group>";
		};
/* End PBXVariantGroup section */

/* Begin XCBuildConfiguration section */
		614C00971EC23FA8001543D9 /* Debug */ = {
			isa = XCBuildConfiguration;
			buildSettings = {
				ALWAYS_SEARCH_USER_PATHS = NO;
				ARCHS = "$(ARCHS_STANDARD)";
				CLANG_ALLOW_NON_MODULAR_INCLUDES_IN_FRAMEWORK_MODULES = NO;
				CLANG_ANALYZER_LOCALIZABILITY_NONLOCALIZED = YES;
				CLANG_ANALYZER_NONNULL = YES;
				CLANG_ANALYZER_NUMBER_OBJECT_CONVERSION = YES_AGGRESSIVE;
				CLANG_CXX_LANGUAGE_STANDARD = "gnu++0x";
				CLANG_CXX_LIBRARY = "libc++";
				CLANG_ENABLE_MODULES = YES;
				CLANG_ENABLE_OBJC_ARC = YES;
				CLANG_WARN_BLOCK_CAPTURE_AUTORELEASING = YES;
				CLANG_WARN_BOOL_CONVERSION = YES;
				CLANG_WARN_COMMA = YES;
				CLANG_WARN_CONSTANT_CONVERSION = YES;
				CLANG_WARN_DEPRECATED_OBJC_IMPLEMENTATIONS = YES;
				CLANG_WARN_DIRECT_OBJC_ISA_USAGE = YES_ERROR;
				CLANG_WARN_DOCUMENTATION_COMMENTS = YES;
				CLANG_WARN_EMPTY_BODY = YES;
				CLANG_WARN_ENUM_CONVERSION = YES;
				CLANG_WARN_INFINITE_RECURSION = YES;
				CLANG_WARN_INT_CONVERSION = YES;
				CLANG_WARN_NON_LITERAL_NULL_CONVERSION = YES;
				CLANG_WARN_OBJC_IMPLICIT_RETAIN_SELF = YES;
				CLANG_WARN_OBJC_LITERAL_CONVERSION = YES;
				CLANG_WARN_OBJC_ROOT_CLASS = YES_ERROR;
				CLANG_WARN_RANGE_LOOP_ANALYSIS = YES;
				CLANG_WARN_STRICT_PROTOTYPES = YES;
				CLANG_WARN_SUSPICIOUS_MOVE = YES;
				CLANG_WARN_UNREACHABLE_CODE = YES;
				CLANG_WARN__DUPLICATE_METHOD_MATCH = YES;
				CODE_SIGN_IDENTITY = "Mac Developer: s.lee@alumni.warwick.ac.uk (WB283BTRWY)";
				COPY_HEADERS_RUN_UNIFDEF = NO;
				COPY_PHASE_STRIP = NO;
				DEBUG_INFORMATION_FORMAT = dwarf;
				ENABLE_STRICT_OBJC_MSGSEND = YES;
				ENABLE_TESTABILITY = YES;
				GCC_C_LANGUAGE_STANDARD = gnu99;
				GCC_DYNAMIC_NO_PIC = NO;
				GCC_NO_COMMON_BLOCKS = YES;
				GCC_OPTIMIZATION_LEVEL = 0;
				GCC_PREPROCESSOR_DEFINITIONS = (
					"DEBUG=1",
					"$(inherited)",
				);
				GCC_WARN_64_TO_32_BIT_CONVERSION = YES;
				GCC_WARN_ABOUT_RETURN_TYPE = YES_ERROR;
				GCC_WARN_UNDECLARED_SELECTOR = YES;
				GCC_WARN_UNINITIALIZED_AUTOS = YES_AGGRESSIVE;
				GCC_WARN_UNUSED_FUNCTION = YES;
				GCC_WARN_UNUSED_VARIABLE = YES;
				MACOSX_DEPLOYMENT_TARGET = 10.12;
				MTL_ENABLE_DEBUG_INFO = YES;
				ONLY_ACTIVE_ARCH = YES;
				SDKROOT = macosx;
				SWIFT_ACTIVE_COMPILATION_CONDITIONS = DEBUG;
				SWIFT_OPTIMIZATION_LEVEL = "-Onone";
			};
			name = Debug;
		};
		614C00981EC23FA8001543D9 /* Release */ = {
			isa = XCBuildConfiguration;
			buildSettings = {
				ALWAYS_SEARCH_USER_PATHS = NO;
				ARCHS = "$(ARCHS_STANDARD)";
				CLANG_ALLOW_NON_MODULAR_INCLUDES_IN_FRAMEWORK_MODULES = NO;
				CLANG_ANALYZER_LOCALIZABILITY_NONLOCALIZED = YES;
				CLANG_ANALYZER_NONNULL = YES;
				CLANG_ANALYZER_NUMBER_OBJECT_CONVERSION = YES_AGGRESSIVE;
				CLANG_CXX_LANGUAGE_STANDARD = "gnu++0x";
				CLANG_CXX_LIBRARY = "libc++";
				CLANG_ENABLE_MODULES = YES;
				CLANG_ENABLE_OBJC_ARC = YES;
				CLANG_WARN_BLOCK_CAPTURE_AUTORELEASING = YES;
				CLANG_WARN_BOOL_CONVERSION = YES;
				CLANG_WARN_COMMA = YES;
				CLANG_WARN_CONSTANT_CONVERSION = YES;
				CLANG_WARN_DEPRECATED_OBJC_IMPLEMENTATIONS = YES;
				CLANG_WARN_DIRECT_OBJC_ISA_USAGE = YES_ERROR;
				CLANG_WARN_DOCUMENTATION_COMMENTS = YES;
				CLANG_WARN_EMPTY_BODY = YES;
				CLANG_WARN_ENUM_CONVERSION = YES;
				CLANG_WARN_INFINITE_RECURSION = YES;
				CLANG_WARN_INT_CONVERSION = YES;
				CLANG_WARN_NON_LITERAL_NULL_CONVERSION = YES;
				CLANG_WARN_OBJC_IMPLICIT_RETAIN_SELF = YES;
				CLANG_WARN_OBJC_LITERAL_CONVERSION = YES;
				CLANG_WARN_OBJC_ROOT_CLASS = YES_ERROR;
				CLANG_WARN_RANGE_LOOP_ANALYSIS = YES;
				CLANG_WARN_STRICT_PROTOTYPES = YES;
				CLANG_WARN_SUSPICIOUS_MOVE = YES;
				CLANG_WARN_UNREACHABLE_CODE = YES;
				CLANG_WARN__DUPLICATE_METHOD_MATCH = YES;
				CODE_SIGN_IDENTITY = "Mac Developer: s.lee@alumni.warwick.ac.uk (WB283BTRWY)";
				COPY_HEADERS_RUN_UNIFDEF = NO;
				COPY_PHASE_STRIP = NO;
				DEBUG_INFORMATION_FORMAT = "dwarf-with-dsym";
				ENABLE_NS_ASSERTIONS = NO;
				ENABLE_STRICT_OBJC_MSGSEND = YES;
				GCC_C_LANGUAGE_STANDARD = gnu99;
				GCC_NO_COMMON_BLOCKS = YES;
				GCC_WARN_64_TO_32_BIT_CONVERSION = YES;
				GCC_WARN_ABOUT_RETURN_TYPE = YES_ERROR;
				GCC_WARN_UNDECLARED_SELECTOR = YES;
				GCC_WARN_UNINITIALIZED_AUTOS = YES_AGGRESSIVE;
				GCC_WARN_UNUSED_FUNCTION = YES;
				GCC_WARN_UNUSED_VARIABLE = YES;
				MACOSX_DEPLOYMENT_TARGET = 10.12;
				MTL_ENABLE_DEBUG_INFO = NO;
				SDKROOT = macosx;
				SWIFT_OPTIMIZATION_LEVEL = "-Owholemodule";
			};
			name = Release;
		};
		614C009A1EC23FA8001543D9 /* Debug */ = {
			isa = XCBuildConfiguration;
			buildSettings = {
				ALWAYS_SEARCH_USER_PATHS = NO;
				ARCHS = "$(ARCHS_STANDARD)";
				ASSETCATALOG_COMPILER_APPICON_NAME = AppIcon;
				CLANG_ENABLE_MODULES = YES;
				CODE_SIGN_ENTITLEMENTS = BatteryStatusShow/BatteryStatusShow.entitlements;
				CODE_SIGN_IDENTITY = "Apple Development";
				CODE_SIGN_STYLE = Automatic;
				COMBINE_HIDPI_IMAGES = YES;
				CURRENT_PROJECT_VERSION = 16;
				DEVELOPMENT_TEAM = 7698T37TAB;
				ENABLE_HARDENED_RUNTIME = YES;
				EXCLUDED_ARCHS = arm64;
				FRAMEWORK_SEARCH_PATHS = (
					"$(PROJECT_DIR)/BatteryStatusShow",
					"$(inherited)",
				);
				HEADER_SEARCH_PATHS = (
					/Users/slee/Documents/Development/Battery/BatteryStatusShow/BatteryStatusShow/include/libimobiledevice,
					/Users/slee/Documents/Development/Battery/BatteryStatusShow/BatteryStatusShow/include/plist,
				);
				INFOPLIST_FILE = BatteryStatusShow/Info.plist;
				INSTALL_PATH = /Applications;
				LD_DYLIB_INSTALL_NAME = "";
				LD_NO_PIE = NO;
				LD_RUNPATH_SEARCH_PATHS = "@executable_path/../Frameworks @loader_path/../Frameworks @loader_path/../Library/Frameworks @rpath/ $(inherited)";
				LIBRARY_SEARCH_PATHS = (
					"$(PROJECT_DIR)/BatteryStatusShow",
					"$(inherited)",
				);
				MACH_O_TYPE = mh_execute;
				MACOSX_DEPLOYMENT_TARGET = 10.15;
				MARKETING_VERSION = 1.5.41;
				OTHER_LDFLAGS = "";
				PRODUCT_BUNDLE_IDENTIFIER = sicreativelee.batterystatusshow;
				PRODUCT_NAME = "$(TARGET_NAME)";
				PROVISIONING_PROFILE_SPECIFIER = "";
				SCAN_ALL_SOURCE_FILES_FOR_INCLUDES = YES;
				SWIFT_OBJC_BRIDGING_HEADER = "BatteryStatusShow/Bridging-Header.h";
				SWIFT_SWIFT3_OBJC_INFERENCE = Default;
				SWIFT_VERSION = 4.0;
			};
			name = Debug;
		};
		614C009B1EC23FA8001543D9 /* Release */ = {
			isa = XCBuildConfiguration;
			buildSettings = {
				ALWAYS_SEARCH_USER_PATHS = NO;
				ARCHS = "$(ARCHS_STANDARD)";
				ASSETCATALOG_COMPILER_APPICON_NAME = AppIcon;
				CLANG_ENABLE_MODULES = YES;
				CODE_SIGN_ENTITLEMENTS = BatteryStatusShow/BatteryStatusShow.entitlements;
				CODE_SIGN_IDENTITY = "Apple Development";
				CODE_SIGN_STYLE = Automatic;
				COMBINE_HIDPI_IMAGES = YES;
				CURRENT_PROJECT_VERSION = 16;
				DEVELOPMENT_TEAM = 7698T37TAB;
				ENABLE_HARDENED_RUNTIME = YES;
				EXCLUDED_ARCHS = arm64;
				FRAMEWORK_SEARCH_PATHS = (
					"$(PROJECT_DIR)/BatteryStatusShow",
					"$(inherited)",
				);
				HEADER_SEARCH_PATHS = (
					/Users/slee/Documents/Development/Battery/BatteryStatusShow/BatteryStatusShow/include/libimobiledevice,
					/Users/slee/Documents/Development/Battery/BatteryStatusShow/BatteryStatusShow/include/plist,
				);
				INFOPLIST_FILE = BatteryStatusShow/Info.plist;
				INSTALL_PATH = /Applications;
				LD_DYLIB_INSTALL_NAME = "";
				LD_NO_PIE = NO;
				LD_RUNPATH_SEARCH_PATHS = "@executable_path/../Frameworks @loader_path/../Frameworks @loader_path/../Library/Frameworks @rpath/ $(inherited)";
				LIBRARY_SEARCH_PATHS = (
					"$(PROJECT_DIR)/BatteryStatusShow",
					"$(inherited)",
				);
				MACH_O_TYPE = mh_execute;
				MACOSX_DEPLOYMENT_TARGET = 10.15;
				MARKETING_VERSION = 1.5.41;
				OTHER_LDFLAGS = "";
				PRODUCT_BUNDLE_IDENTIFIER = sicreativelee.batterystatusshow;
				PRODUCT_NAME = "$(TARGET_NAME)";
				PROVISIONING_PROFILE_SPECIFIER = "";
				SCAN_ALL_SOURCE_FILES_FOR_INCLUDES = YES;
				SWIFT_OBJC_BRIDGING_HEADER = "BatteryStatusShow/Bridging-Header.h";
				SWIFT_SWIFT3_OBJC_INFERENCE = Default;
				SWIFT_VERSION = 4.0;
			};
			name = Release;
		};
		614C009D1EC23FA8001543D9 /* Debug */ = {
			isa = XCBuildConfiguration;
			buildSettings = {
				ALWAYS_EMBED_SWIFT_STANDARD_LIBRARIES = YES;
				BUNDLE_LOADER = "$(TEST_HOST)";
				COMBINE_HIDPI_IMAGES = YES;
				DEVELOPMENT_TEAM = "";
				INFOPLIST_FILE = BatteryStatusShowTests/Info.plist;
				LD_RUNPATH_SEARCH_PATHS = "$(inherited) @executable_path/../Frameworks @loader_path/../Frameworks";
				PRODUCT_BUNDLE_IDENTIFIER = sicreatelee.BatteryStatusShowTests;
				PRODUCT_NAME = "$(TARGET_NAME)";
				PROVISIONING_PROFILE_SPECIFIER = "";
				SWIFT_SWIFT3_OBJC_INFERENCE = On;
				SWIFT_VERSION = 4.0;
				TEST_HOST = "$(BUILT_PRODUCTS_DIR)/BatteryStatusShow.app/Contents/MacOS/BatteryStatusShow";
			};
			name = Debug;
		};
		614C009E1EC23FA8001543D9 /* Release */ = {
			isa = XCBuildConfiguration;
			buildSettings = {
				ALWAYS_EMBED_SWIFT_STANDARD_LIBRARIES = YES;
				BUNDLE_LOADER = "$(TEST_HOST)";
				COMBINE_HIDPI_IMAGES = YES;
				DEVELOPMENT_TEAM = "";
				INFOPLIST_FILE = BatteryStatusShowTests/Info.plist;
				LD_RUNPATH_SEARCH_PATHS = "$(inherited) @executable_path/../Frameworks @loader_path/../Frameworks";
				PRODUCT_BUNDLE_IDENTIFIER = sicreatelee.BatteryStatusShowTests;
				PRODUCT_NAME = "$(TARGET_NAME)";
				PROVISIONING_PROFILE_SPECIFIER = "";
				SWIFT_SWIFT3_OBJC_INFERENCE = On;
				SWIFT_VERSION = 4.0;
				TEST_HOST = "$(BUILT_PRODUCTS_DIR)/BatteryStatusShow.app/Contents/MacOS/BatteryStatusShow";
			};
			name = Release;
		};
		614C00A01EC23FA8001543D9 /* Debug */ = {
			isa = XCBuildConfiguration;
			buildSettings = {
				ALWAYS_EMBED_SWIFT_STANDARD_LIBRARIES = YES;
				CODE_SIGN_IDENTITY = "Mac Developer";
				COMBINE_HIDPI_IMAGES = YES;
				DEVELOPMENT_TEAM = 7698T37TAB;
				INFOPLIST_FILE = BatteryStatusShowUITests/Info.plist;
				LD_RUNPATH_SEARCH_PATHS = "$(inherited) @executable_path/../Frameworks @loader_path/../Frameworks";
				PRODUCT_BUNDLE_IDENTIFIER = sicreatelee.BatteryStatusShowUITests;
				PRODUCT_NAME = "$(TARGET_NAME)";
				PROVISIONING_PROFILE_SPECIFIER = "";
				SWIFT_SWIFT3_OBJC_INFERENCE = On;
				SWIFT_VERSION = 4.0;
				TEST_TARGET_NAME = BatteryStatusShow;
			};
			name = Debug;
		};
		614C00A11EC23FA8001543D9 /* Release */ = {
			isa = XCBuildConfiguration;
			buildSettings = {
				ALWAYS_EMBED_SWIFT_STANDARD_LIBRARIES = YES;
				CODE_SIGN_IDENTITY = "Mac Developer";
				COMBINE_HIDPI_IMAGES = YES;
				DEVELOPMENT_TEAM = 7698T37TAB;
				INFOPLIST_FILE = BatteryStatusShowUITests/Info.plist;
				LD_RUNPATH_SEARCH_PATHS = "$(inherited) @executable_path/../Frameworks @loader_path/../Frameworks";
				PRODUCT_BUNDLE_IDENTIFIER = sicreatelee.BatteryStatusShowUITests;
				PRODUCT_NAME = "$(TARGET_NAME)";
				PROVISIONING_PROFILE_SPECIFIER = "";
				SWIFT_SWIFT3_OBJC_INFERENCE = On;
				SWIFT_VERSION = 4.0;
				TEST_TARGET_NAME = BatteryStatusShow;
			};
			name = Release;
		};
		6193278D247090D0000EA703 /* Debug */ = {
			isa = XCBuildConfiguration;
			buildSettings = {
				CLANG_CXX_LANGUAGE_STANDARD = "gnu++14";
				CLANG_ENABLE_OBJC_WEAK = NO;
				CLANG_WARN_DEPRECATED_OBJC_IMPLEMENTATIONS = YES;
				CLANG_WARN_OBJC_IMPLICIT_RETAIN_SELF = YES;
				CLANG_WARN_UNGUARDED_AVAILABILITY = YES;
				CODE_SIGN_IDENTITY = "";
				CODE_SIGN_STYLE = Manual;
				DEVELOPMENT_TEAM = "";
				GCC_C_LANGUAGE_STANDARD = gnu11;
				GCC_PRECOMPILE_PREFIX_HEADER = YES;
				GCC_PREFIX_HEADER = "BatteryStatusShow/smcutil-Prefix.pch";
				MTL_FAST_MATH = YES;
				PRODUCT_NAME = "$(TARGET_NAME)";
				PROVISIONING_PROFILE_SPECIFIER = "";
			};
			name = Debug;
		};
		6193278E247090D0000EA703 /* Release */ = {
			isa = XCBuildConfiguration;
			buildSettings = {
				CLANG_CXX_LANGUAGE_STANDARD = "gnu++14";
				CLANG_ENABLE_OBJC_WEAK = NO;
				CLANG_WARN_DEPRECATED_OBJC_IMPLEMENTATIONS = YES;
				CLANG_WARN_OBJC_IMPLICIT_RETAIN_SELF = YES;
				CLANG_WARN_UNGUARDED_AVAILABILITY = YES;
				CODE_SIGN_IDENTITY = "";
				CODE_SIGN_STYLE = Manual;
				DEVELOPMENT_TEAM = "";
				GCC_C_LANGUAGE_STANDARD = gnu11;
				GCC_PRECOMPILE_PREFIX_HEADER = YES;
				GCC_PREFIX_HEADER = "BatteryStatusShow/smcutil-Prefix.pch";
				MTL_FAST_MATH = YES;
				PRODUCT_NAME = "$(TARGET_NAME)";
				PROVISIONING_PROFILE_SPECIFIER = "";
			};
			name = Release;
		};
/* End XCBuildConfiguration section */

/* Begin XCConfigurationList section */
		614C006F1EC23FA8001543D9 /* Build configuration list for PBXProject "BatteryStatusShow" */ = {
			isa = XCConfigurationList;
			buildConfigurations = (
				614C00971EC23FA8001543D9 /* Debug */,
				614C00981EC23FA8001543D9 /* Release */,
			);
			defaultConfigurationIsVisible = 0;
			defaultConfigurationName = Release;
		};
		614C00991EC23FA8001543D9 /* Build configuration list for PBXNativeTarget "BatteryStatusShow" */ = {
			isa = XCConfigurationList;
			buildConfigurations = (
				614C009A1EC23FA8001543D9 /* Debug */,
				614C009B1EC23FA8001543D9 /* Release */,
			);
			defaultConfigurationIsVisible = 0;
			defaultConfigurationName = Release;
		};
		614C009C1EC23FA8001543D9 /* Build configuration list for PBXNativeTarget "BatteryStatusShowTests" */ = {
			isa = XCConfigurationList;
			buildConfigurations = (
				614C009D1EC23FA8001543D9 /* Debug */,
				614C009E1EC23FA8001543D9 /* Release */,
			);
			defaultConfigurationIsVisible = 0;
			defaultConfigurationName = Release;
		};
		614C009F1EC23FA8001543D9 /* Build configuration list for PBXNativeTarget "BatteryStatusShowUITests" */ = {
			isa = XCConfigurationList;
			buildConfigurations = (
				614C00A01EC23FA8001543D9 /* Debug */,
				614C00A11EC23FA8001543D9 /* Release */,
			);
			defaultConfigurationIsVisible = 0;
			defaultConfigurationName = Release;
		};
		6193278C247090D0000EA703 /* Build configuration list for PBXNativeTarget "smcutil" */ = {
			isa = XCConfigurationList;
			buildConfigurations = (
				6193278D247090D0000EA703 /* Debug */,
				6193278E247090D0000EA703 /* Release */,
			);
			defaultConfigurationIsVisible = 0;
			defaultConfigurationName = Release;
		};
/* End XCConfigurationList section */

/* Begin XCVersionGroup section */
		619F39051ECB80410074666B /* data.xcdatamodeld */ = {
			isa = XCVersionGroup;
			children = (
				61D358181ED217F600769C03 /* v2.xcdatamodel */,
				619F39061ECB80410074666B /* data.xcdatamodel */,
			);
			currentVersion = 61D358181ED217F600769C03 /* v2.xcdatamodel */;
			path = data.xcdatamodeld;
			sourceTree = "<group>";
			versionGroupType = wrapper.xcdatamodel;
		};
/* End XCVersionGroup section */
	};
	rootObject = 614C006C1EC23FA8001543D9 /* Project object */;
}
